
Microsoft Visual Studio Solution File, Format Version 12.00
# Visual Studio Version 16
VisualStudioVersion = 16.0.29609.76
MinimumVisualStudioVersion = 10.0.40219.1
Project("{FAE04EC0-301F-11D3-BF4B-00C04F79EFBC}") = "projectManager", "projectManager\projectManager.csproj", "{CC55778E-82CB-4F71-BFFA-D4EE1297A46E}"
EndProject
Global
	GlobalSection(SolutionConfigurationPlatforms) = preSolution
		Debug|Any CPU = Debug|Any CPU
		Release|Any CPU = Release|Any CPU
	EndGlobalSection
	GlobalSection(ProjectConfigurationPlatforms) = postSolution
		{CC55778E-82CB-4F71-BFFA-D4EE1297A46E}.Debug|Any CPU.ActiveCfg = Debug|Any CPU
		{CC55778E-82CB-4F71-BFFA-D4EE1297A46E}.Debug|Any CPU.Build.0 = Debug|Any CPU
		{CC55778E-82CB-4F71-BFFA-D4EE1297A46E}.Release|Any CPU.ActiveCfg = Release|Any CPU
		{CC55778E-82CB-4F71-BFFA-D4EE1297A46E}.Release|Any CPU.Build.0 = Release|Any CPU
	EndGlobalSection
	GlobalSection(SolutionProperties) = preSolution
		HideSolutionNode = FALSE
	EndGlobalSection
	GlobalSection(ExtensibilityGlobals) = postSolution
		SolutionGuid = {38524EE4-6DA0-4C6D-86A7-F1FA2F3F11BC}
	EndGlobalSection
EndGlobal
